
Microsoft Visual Studio Solution File, Format Version 12.00
# Visual Studio Version 17
VisualStudioVersion = 17.3.32929.385
MinimumVisualStudioVersion = 10.0.40219.1
Project("{FAE04EC0-301F-11D3-BF4B-00C04F79EFBC}") = "CoreCrud", "CoreCrud\CoreCrud.csproj", "{041A10E9-849B-4B08-BA88-C7EF4DF15C36}"
EndProject
Global
	GlobalSection(SolutionConfigurationPlatforms) = preSolution
		Debug|Any CPU = Debug|Any CPU
		Release|Any CPU = Release|Any CPU
	EndGlobalSection
	GlobalSection(ProjectConfigurationPlatforms) = postSolution
		{041A10E9-849B-4B08-BA88-C7EF4DF15C36}.Debug|Any CPU.ActiveCfg = Debug|Any CPU
		{041A10E9-849B-4B08-BA88-C7EF4DF15C36}.Debug|Any CPU.Build.0 = Debug|Any CPU
		{041A10E9-849B-4B08-BA88-C7EF4DF15C36}.Release|Any CPU.ActiveCfg = Release|Any CPU
		{041A10E9-849B-4B08-BA88-C7EF4DF15C36}.Release|Any CPU.Build.0 = Release|Any CPU
	EndGlobalSection
	GlobalSection(SolutionProperties) = preSolution
		HideSolutionNode = FALSE
	EndGlobalSection
	GlobalSection(ExtensibilityGlobals) = postSolution
		SolutionGuid = {8CC13675-CB89-40D2-8CC8-42D49F187677}
	EndGlobalSection
EndGlobal
